dependencies:
- name: postgresql
  repository: https://charts.bitnami.com/bitnami
  version: 11.1.3
- name: redis
  repository: https://charts.bitnami.com/bitnami
  version: 16.4.5
- name: meilisearch
  repository: https://meilisearch.github.io/meilisearch-kubernetes
  version: 0.1.26
digest: sha256:38b71f82e4572faa3d99013c03668488a9f224d12f174509fce3c61d07d80c45
generated: "2022-03-01T18:14:18.380516-06:00"
